// !$*UTF8*$!
{
	archiveVersion = 1;
	classes = {
	};
	objectVersion = 46;
	objects = {

/* Begin PBXBuildFile section */
		766296DB1F04D9FA00FE3150 /* IDPLoadingView.m in Sources */ = {isa = PBXBuildFile; fileRef = 766296D91F04D9FA00FE3150 /* IDPLoadingView.m */; };
		766296DC1F04D9FA00FE3150 /* IDPLoadingView.xib in Resources */ = {isa = PBXBuildFile; fileRef = 766296DA1F04D9FA00FE3150 /* IDPLoadingView.xib */; };
		766296DF1F04DA2B00FE3150 /* IDPLoadingViewContainer.m in Sources */ = {isa = PBXBuildFile; fileRef = 766296DE1F04DA2B00FE3150 /* IDPLoadingViewContainer.m */; };
		766296E41F04FBB000FE3150 /* IDPModel.m in Sources */ = {isa = PBXBuildFile; fileRef = 766296E31F04FBB000FE3150 /* IDPModel.m */; };
		766547871F03ED6400CD6273 /* Assets.xcassets in Resources */ = {isa = PBXBuildFile; fileRef = 766547821F03ED6400CD6273 /* Assets.xcassets */; };
		766547881F03ED6400CD6273 /* LaunchScreen.storyboard in Resources */ = {isa = PBXBuildFile; fileRef = 766547831F03ED6400CD6273 /* LaunchScreen.storyboard */; };
		766547891F03ED6400CD6273 /* idapLogo.png in Resources */ = {isa = PBXBuildFile; fileRef = 766547861F03ED6400CD6273 /* idapLogo.png */; };
		766547E71F03ED6A00CD6273 /* IDPObservableObject.m in Sources */ = {isa = PBXBuildFile; fileRef = 766547901F03ED6A00CD6273 /* IDPObservableObject.m */; };
		766547E81F03ED6A00CD6273 /* IDPTableViewCell.m in Sources */ = {isa = PBXBuildFile; fileRef = 766547931F03ED6A00CD6273 /* IDPTableViewCell.m */; };
		766547EF1F03ED6A00CD6273 /* IDPConstants.m in Sources */ = {isa = PBXBuildFile; fileRef = 766547A31F03ED6A00CD6273 /* IDPConstants.m */; };
		766547F01F03ED6A00CD6273 /* IDPGCDWrapper.m in Sources */ = {isa = PBXBuildFile; fileRef = 766547A61F03ED6A00CD6273 /* IDPGCDWrapper.m */; };
		766547F11F03ED6A00CD6273 /* IDPMacro.m in Sources */ = {isa = PBXBuildFile; fileRef = 766547A91F03ED6A00CD6273 /* IDPMacro.m */; };
		766547F21F03ED6A00CD6273 /* IDPRandom.m in Sources */ = {isa = PBXBuildFile; fileRef = 766547AE1F03ED6A00CD6273 /* IDPRandom.m */; };
		766547F31F03ED6A00CD6273 /* IDPArrayModel.m in Sources */ = {isa = PBXBuildFile; fileRef = 766547B21F03ED6A00CD6273 /* IDPArrayModel.m */; };
		766547F41F03ED6A00CD6273 /* IDPChangeAdd.m in Sources */ = {isa = PBXBuildFile; fileRef = 766547B61F03ED6A00CD6273 /* IDPChangeAdd.m */; };
		766547F71F03ED6A00CD6273 /* IDPChangeModel.m in Sources */ = {isa = PBXBuildFile; fileRef = 766547BD1F03ED6A00CD6273 /* IDPChangeModel.m */; };
		766547F81F03ED6A00CD6273 /* IDPChangeMove.m in Sources */ = {isa = PBXBuildFile; fileRef = 766547C11F03ED6A00CD6273 /* IDPChangeMove.m */; };
		766547F91F03ED6A00CD6273 /* IDPChangeRemove.m in Sources */ = {isa = PBXBuildFile; fileRef = 766547C41F03ED6A00CD6273 /* IDPChangeRemove.m */; };
		766547FA1F03ED6A00CD6273 /* IDPUser.m in Sources */ = {isa = PBXBuildFile; fileRef = 766547C71F03ED6A00CD6273 /* IDPUser.m */; };
		766547FB1F03ED6A00CD6273 /* IDPUsersModel.m in Sources */ = {isa = PBXBuildFile; fileRef = 766547CA1F03ED6A00CD6273 /* IDPUsersModel.m */; };
		766547FC1F03ED6A00CD6273 /* IDPSceneViewController.m in Sources */ = {isa = PBXBuildFile; fileRef = 766547CF1F03ED6A00CD6273 /* IDPSceneViewController.m */; };
		766547FD1F03ED6A00CD6273 /* IDPSceneViewController.xib in Resources */ = {isa = PBXBuildFile; fileRef = 766547D01F03ED6A00CD6273 /* IDPSceneViewController.xib */; };
		766547FE1F03ED6A00CD6273 /* IDPUsersViewController.m in Sources */ = {isa = PBXBuildFile; fileRef = 766547D31F03ED6A00CD6273 /* IDPUsersViewController.m */; };
		766547FF1F03ED6A00CD6273 /* IDPUsersViewController.xib in Resources */ = {isa = PBXBuildFile; fileRef = 766547D41F03ED6A00CD6273 /* IDPUsersViewController.xib */; };
		766548021F03ED6A00CD6273 /* IDPSceneView.m in Sources */ = {isa = PBXBuildFile; fileRef = 766547DC1F03ED6A00CD6273 /* IDPSceneView.m */; };
		766548031F03ED6A00CD6273 /* IDPSquareView.m in Sources */ = {isa = PBXBuildFile; fileRef = 766547DF1F03ED6A00CD6273 /* IDPSquareView.m */; };
		766548041F03ED6A00CD6273 /* IDPUserCell.m in Sources */ = {isa = PBXBuildFile; fileRef = 766547E21F03ED6A00CD6273 /* IDPUserCell.m */; };
		766548051F03ED6A00CD6273 /* IDPUserCell.xib in Resources */ = {isa = PBXBuildFile; fileRef = 766547E31F03ED6A00CD6273 /* IDPUserCell.xib */; };
		766548061F03ED6A00CD6273 /* IDPUsersView.m in Sources */ = {isa = PBXBuildFile; fileRef = 766547E61F03ED6A00CD6273 /* IDPUsersView.m */; };
		7677B08F1F0B6F17009B7AE9 /* IDPDoubleIndexChange.m in Sources */ = {isa = PBXBuildFile; fileRef = 7677B08E1F0B6F17009B7AE9 /* IDPDoubleIndexChange.m */; };
		767BCFAF1EEE781C0082B26F /* main.m in Sources */ = {isa = PBXBuildFile; fileRef = 767BCFAE1EEE781C0082B26F /* main.m */; };
		767BCFB21EEE781C0082B26F /* IDPAppDelegate.m in Sources */ = {isa = PBXBuildFile; fileRef = 767BCFB11EEE781C0082B26F /* IDPAppDelegate.m */; };
		767CA9D71F0A72EE00610BC4 /* IDPImageModel.m in Sources */ = {isa = PBXBuildFile; fileRef = 767CA9D61F0A72EE00610BC4 /* IDPImageModel.m */; };
		767CA9DA1F0A731800610BC4 /* IDPImageModelDispatcher.m in Sources */ = {isa = PBXBuildFile; fileRef = 767CA9D91F0A731800610BC4 /* IDPImageModelDispatcher.m */; };
		767CA9E21F0A84B900610BC4 /* IDPCache.m in Sources */ = {isa = PBXBuildFile; fileRef = 767CA9E11F0A84B900610BC4 /* IDPCache.m */; };
		768A80971F06382400A2ACF0 /* IDPChangeModel+UITableView.m in Sources */ = {isa = PBXBuildFile; fileRef = 768A808A1F06382400A2ACF0 /* IDPChangeModel+UITableView.m */; };
		768A80981F06382400A2ACF0 /* NSArray+IDPExtensions.m in Sources */ = {isa = PBXBuildFile; fileRef = 768A808C1F06382400A2ACF0 /* NSArray+IDPExtensions.m */; };
		768A80991F06382400A2ACF0 /* NSString+IDPCategory.m in Sources */ = {isa = PBXBuildFile; fileRef = 768A808E1F06382400A2ACF0 /* NSString+IDPCategory.m */; };
		768A809A1F06382400A2ACF0 /* UINib+IDPExtensions.m in Sources */ = {isa = PBXBuildFile; fileRef = 768A80901F06382400A2ACF0 /* UINib+IDPExtensions.m */; };
		768A809B1F06382400A2ACF0 /* UITableView+IDPExtensions.m in Sources */ = {isa = PBXBuildFile; fileRef = 768A80921F06382400A2ACF0 /* UITableView+IDPExtensions.m */; };
		768A809C1F06382400A2ACF0 /* UIViewController+IDPExtensions.m in Sources */ = {isa = PBXBuildFile; fileRef = 768A80941F06382400A2ACF0 /* UIViewController+IDPExtensions.m */; };
		768A809D1F06382400A2ACF0 /* UIWindow+IDPExtensions.m in Sources */ = {isa = PBXBuildFile; fileRef = 768A80961F06382400A2ACF0 /* UIWindow+IDPExtensions.m */; };
		768A80A01F06787F00A2ACF0 /* NSFileManager+IDPExtensions.m in Sources */ = {isa = PBXBuildFile; fileRef = 768A809F1F06787F00A2ACF0 /* NSFileManager+IDPExtensions.m */; };
		768A80A31F06793E00A2ACF0 /* NSBundle+IDPExtensions.m in Sources */ = {isa = PBXBuildFile; fileRef = 768A80A21F06793E00A2ACF0 /* NSBundle+IDPExtensions.m */; };
/* End PBXBuildFile section */

/* Begin PBXFileReference section */
		766296D81F04D9FA00FE3150 /* IDPLoadingView.h */ = {isa = PBXFileReference; fileEncoding = 4; lastKnownFileType = sourcecode.c.h; path = IDPLoadingView.h; sourceTree = "<group>"; };
		766296D91F04D9FA00FE3150 /* IDPLoadingView.m */ = {isa = PBXFileReference; fileEncoding = 4; lastKnownFileType = sourcecode.c.objc; path = IDPLoadingView.m; sourceTree = "<group>"; };
		766296DA1F04D9FA00FE3150 /* IDPLoadingView.xib */ = {isa = PBXFileReference; fileEncoding = 4; lastKnownFileType = file.xib; path = IDPLoadingView.xib; sourceTree = "<group>"; };
		766296DD1F04DA2B00FE3150 /* IDPLoadingViewContainer.h */ = {isa = PBXFileReference; fileEncoding = 4; lastKnownFileType = sourcecode.c.h; path = IDPLoadingViewContainer.h; sourceTree = "<group>"; };
		766296DE1F04DA2B00FE3150 /* IDPLoadingViewContainer.m */ = {isa = PBXFileReference; fileEncoding = 4; lastKnownFileType = sourcecode.c.objc; path = IDPLoadingViewContainer.m; sourceTree = "<group>"; };
		766296E01F04DBB600FE3150 /* IDPLoading.h */ = {isa = PBXFileReference; lastKnownFileType = sourcecode.c.h; path = IDPLoading.h; sourceTree = "<group>"; };
		766296E21F04FBB000FE3150 /* IDPModel.h */ = {isa = PBXFileReference; fileEncoding = 4; lastKnownFileType = sourcecode.c.h; path = IDPModel.h; sourceTree = "<group>"; };
		766296E31F04FBB000FE3150 /* IDPModel.m */ = {isa = PBXFileReference; fileEncoding = 4; lastKnownFileType = sourcecode.c.objc; path = IDPModel.m; sourceTree = "<group>"; };
		766296E51F0504A700FE3150 /* IDPArrayModelObserver.h */ = {isa = PBXFileReference; lastKnownFileType = sourcecode.c.h; path = IDPArrayModelObserver.h; sourceTree = "<group>"; };
		766547821F03ED6400CD6273 /* Assets.xcassets */ = {isa = PBXFileReference; lastKnownFileType = folder.assetcatalog; path = Assets.xcassets; sourceTree = "<group>"; };
		766547841F03ED6400CD6273 /* Base */ = {isa = PBXFileReference; lastKnownFileType = file.storyboard; name = Base; path = Base.lproj/LaunchScreen.storyboard; sourceTree = "<group>"; };
		766547861F03ED6400CD6273 /* idapLogo.png */ = {isa = PBXFileReference; lastKnownFileType = image.png; path = idapLogo.png; sourceTree = "<group>"; };
		7665478F1F03ED6A00CD6273 /* IDPObservableObject.h */ = {isa = PBXFileReference; fileEncoding = 4; lastKnownFileType = sourcecode.c.h; path = IDPObservableObject.h; sourceTree = "<group>"; };
		766547901F03ED6A00CD6273 /* IDPObservableObject.m */ = {isa = PBXFileReference; fileEncoding = 4; lastKnownFileType = sourcecode.c.objc; path = IDPObservableObject.m; sourceTree = "<group>"; };
		766547921F03ED6A00CD6273 /* IDPTableViewCell.h */ = {isa = PBXFileReference; fileEncoding = 4; lastKnownFileType = sourcecode.c.h; path = IDPTableViewCell.h; sourceTree = "<group>"; };
		766547931F03ED6A00CD6273 /* IDPTableViewCell.m */ = {isa = PBXFileReference; fileEncoding = 4; lastKnownFileType = sourcecode.c.objc; path = IDPTableViewCell.m; sourceTree = "<group>"; };
		766547A21F03ED6A00CD6273 /* IDPConstants.h */ = {isa = PBXFileReference; fileEncoding = 4; lastKnownFileType = sourcecode.c.h; path = IDPConstants.h; sourceTree = "<group>"; };
		766547A31F03ED6A00CD6273 /* IDPConstants.m */ = {isa = PBXFileReference; fileEncoding = 4; lastKnownFileType = sourcecode.c.objc; path = IDPConstants.m; sourceTree = "<group>"; };
		766547A51F03ED6A00CD6273 /* IDPGCDWrapper.h */ = {isa = PBXFileReference; fileEncoding = 4; lastKnownFileType = sourcecode.c.h; path = IDPGCDWrapper.h; sourceTree = "<group>"; };
		766547A61F03ED6A00CD6273 /* IDPGCDWrapper.m */ = {isa = PBXFileReference; fileEncoding = 4; lastKnownFileType = sourcecode.c.objc; path = IDPGCDWrapper.m; sourceTree = "<group>"; };
		766547A81F03ED6A00CD6273 /* IDPMacro.h */ = {isa = PBXFileReference; fileEncoding = 4; lastKnownFileType = sourcecode.c.h; path = IDPMacro.h; sourceTree = "<group>"; };
		766547A91F03ED6A00CD6273 /* IDPMacro.m */ = {isa = PBXFileReference; fileEncoding = 4; lastKnownFileType = sourcecode.c.objc; path = IDPMacro.m; sourceTree = "<group>"; };
		766547AB1F03ED6A00CD6273 /* IDPUsersModelObserver.h */ = {isa = PBXFileReference; fileEncoding = 4; lastKnownFileType = sourcecode.c.h; path = IDPUsersModelObserver.h; sourceTree = "<group>"; };
		766547AD1F03ED6A00CD6273 /* IDPRandom.h */ = {isa = PBXFileReference; fileEncoding = 4; lastKnownFileType = sourcecode.c.h; path = IDPRandom.h; sourceTree = "<group>"; };
		766547AE1F03ED6A00CD6273 /* IDPRandom.m */ = {isa = PBXFileReference; fileEncoding = 4; lastKnownFileType = sourcecode.c.objc; path = IDPRandom.m; sourceTree = "<group>"; };
		766547B11F03ED6A00CD6273 /* IDPArrayModel.h */ = {isa = PBXFileReference; fileEncoding = 4; lastKnownFileType = sourcecode.c.h; path = IDPArrayModel.h; sourceTree = "<group>"; };
		766547B21F03ED6A00CD6273 /* IDPArrayModel.m */ = {isa = PBXFileReference; fileEncoding = 4; lastKnownFileType = sourcecode.c.objc; path = IDPArrayModel.m; sourceTree = "<group>"; };
		766547B51F03ED6A00CD6273 /* IDPChangeAdd.h */ = {isa = PBXFileReference; fileEncoding = 4; lastKnownFileType = sourcecode.c.h; path = IDPChangeAdd.h; sourceTree = "<group>"; };
		766547B61F03ED6A00CD6273 /* IDPChangeAdd.m */ = {isa = PBXFileReference; fileEncoding = 4; lastKnownFileType = sourcecode.c.objc; path = IDPChangeAdd.m; sourceTree = "<group>"; };
		766547BC1F03ED6A00CD6273 /* IDPChangeModel.h */ = {isa = PBXFileReference; fileEncoding = 4; lastKnownFileType = sourcecode.c.h; path = IDPChangeModel.h; sourceTree = "<group>"; };
		766547BD1F03ED6A00CD6273 /* IDPChangeModel.m */ = {isa = PBXFileReference; fileEncoding = 4; lastKnownFileType = sourcecode.c.objc; path = IDPChangeModel.m; sourceTree = "<group>"; };
		766547BE1F03ED6A00CD6273 /* IDPChangeModelProtected.h */ = {isa = PBXFileReference; fileEncoding = 4; lastKnownFileType = sourcecode.c.h; path = IDPChangeModelProtected.h; sourceTree = "<group>"; };
		766547C01F03ED6A00CD6273 /* IDPChangeMove.h */ = {isa = PBXFileReference; fileEncoding = 4; lastKnownFileType = sourcecode.c.h; path = IDPChangeMove.h; sourceTree = "<group>"; };
		766547C11F03ED6A00CD6273 /* IDPChangeMove.m */ = {isa = PBXFileReference; fileEncoding = 4; lastKnownFileType = sourcecode.c.objc; path = IDPChangeMove.m; sourceTree = "<group>"; };
		766547C31F03ED6A00CD6273 /* IDPChangeRemove.h */ = {isa = PBXFileReference; fileEncoding = 4; lastKnownFileType = sourcecode.c.h; path = IDPChangeRemove.h; sourceTree = "<group>"; };
		766547C41F03ED6A00CD6273 /* IDPChangeRemove.m */ = {isa = PBXFileReference; fileEncoding = 4; lastKnownFileType = sourcecode.c.objc; path = IDPChangeRemove.m; sourceTree = "<group>"; };
		766547C61F03ED6A00CD6273 /* IDPUser.h */ = {isa = PBXFileReference; fileEncoding = 4; lastKnownFileType = sourcecode.c.h; path = IDPUser.h; sourceTree = "<group>"; };
		766547C71F03ED6A00CD6273 /* IDPUser.m */ = {isa = PBXFileReference; fileEncoding = 4; lastKnownFileType = sourcecode.c.objc; path = IDPUser.m; sourceTree = "<group>"; };
		766547C91F03ED6A00CD6273 /* IDPUsersModel.h */ = {isa = PBXFileReference; fileEncoding = 4; lastKnownFileType = sourcecode.c.h; path = IDPUsersModel.h; sourceTree = "<group>"; };
		766547CA1F03ED6A00CD6273 /* IDPUsersModel.m */ = {isa = PBXFileReference; fileEncoding = 4; lastKnownFileType = sourcecode.c.objc; path = IDPUsersModel.m; sourceTree = "<group>"; };
		766547CE1F03ED6A00CD6273 /* IDPSceneViewController.h */ = {isa = PBXFileReference; fileEncoding = 4; lastKnownFileType = sourcecode.c.h; path = IDPSceneViewController.h; sourceTree = "<group>"; };
		766547CF1F03ED6A00CD6273 /* IDPSceneViewController.m */ = {isa = PBXFileReference; fileEncoding = 4; lastKnownFileType = sourcecode.c.objc; path = IDPSceneViewController.m; sourceTree = "<group>"; };
		766547D01F03ED6A00CD6273 /* IDPSceneViewController.xib */ = {isa = PBXFileReference; fileEncoding = 4; lastKnownFileType = file.xib; path = IDPSceneViewController.xib; sourceTree = "<group>"; };
		766547D21F03ED6A00CD6273 /* IDPUsersViewController.h */ = {isa = PBXFileReference; fileEncoding = 4; lastKnownFileType = sourcecode.c.h; path = IDPUsersViewController.h; sourceTree = "<group>"; };
		766547D31F03ED6A00CD6273 /* IDPUsersViewController.m */ = {isa = PBXFileReference; fileEncoding = 4; lastKnownFileType = sourcecode.c.objc; path = IDPUsersViewController.m; sourceTree = "<group>"; };
		766547D41F03ED6A00CD6273 /* IDPUsersViewController.xib */ = {isa = PBXFileReference; fileEncoding = 4; lastKnownFileType = file.xib; path = IDPUsersViewController.xib; sourceTree = "<group>"; };
		766547DB1F03ED6A00CD6273 /* IDPSceneView.h */ = {isa = PBXFileReference; fileEncoding = 4; lastKnownFileType = sourcecode.c.h; path = IDPSceneView.h; sourceTree = "<group>"; };
		766547DC1F03ED6A00CD6273 /* IDPSceneView.m */ = {isa = PBXFileReference; fileEncoding = 4; lastKnownFileType = sourcecode.c.objc; path = IDPSceneView.m; sourceTree = "<group>"; };
		766547DE1F03ED6A00CD6273 /* IDPSquareView.h */ = {isa = PBXFileReference; fileEncoding = 4; lastKnownFileType = sourcecode.c.h; path = IDPSquareView.h; sourceTree = "<group>"; };
		766547DF1F03ED6A00CD6273 /* IDPSquareView.m */ = {isa = PBXFileReference; fileEncoding = 4; lastKnownFileType = sourcecode.c.objc; path = IDPSquareView.m; sourceTree = "<group>"; };
		766547E11F03ED6A00CD6273 /* IDPUserCell.h */ = {isa = PBXFileReference; fileEncoding = 4; lastKnownFileType = sourcecode.c.h; path = IDPUserCell.h; sourceTree = "<group>"; };
		766547E21F03ED6A00CD6273 /* IDPUserCell.m */ = {isa = PBXFileReference; fileEncoding = 4; lastKnownFileType = sourcecode.c.objc; path = IDPUserCell.m; sourceTree = "<group>"; };
		766547E31F03ED6A00CD6273 /* IDPUserCell.xib */ = {isa = PBXFileReference; fileEncoding = 4; lastKnownFileType = file.xib; path = IDPUserCell.xib; sourceTree = "<group>"; };
		766547E51F03ED6A00CD6273 /* IDPUsersView.h */ = {isa = PBXFileReference; fileEncoding = 4; lastKnownFileType = sourcecode.c.h; path = IDPUsersView.h; sourceTree = "<group>"; };
		766547E61F03ED6A00CD6273 /* IDPUsersView.m */ = {isa = PBXFileReference; fileEncoding = 4; lastKnownFileType = sourcecode.c.objc; path = IDPUsersView.m; sourceTree = "<group>"; };
		7677B08D1F0B6F17009B7AE9 /* IDPDoubleIndexChange.h */ = {isa = PBXFileReference; fileEncoding = 4; lastKnownFileType = sourcecode.c.h; path = IDPDoubleIndexChange.h; sourceTree = "<group>"; };
		7677B08E1F0B6F17009B7AE9 /* IDPDoubleIndexChange.m */ = {isa = PBXFileReference; fileEncoding = 4; lastKnownFileType = sourcecode.c.objc; path = IDPDoubleIndexChange.m; sourceTree = "<group>"; };
		7677B0901F0B6FC5009B7AE9 /* IDPDoubleIndexChangeProtected.h */ = {isa = PBXFileReference; lastKnownFileType = sourcecode.c.h; path = IDPDoubleIndexChangeProtected.h; sourceTree = "<group>"; };
		767BCFAA1EEE781C0082B26F /* UITask1.app */ = {isa = PBXFileReference; explicitFileType = wrapper.application; includeInIndex = 0; path = UITask1.app; sourceTree = BUILT_PRODUCTS_DIR; };
		767BCFAE1EEE781C0082B26F /* main.m */ = {isa = PBXFileReference; lastKnownFileType = sourcecode.c.objc; path = main.m; sourceTree = "<group>"; };
		767BCFB01EEE781C0082B26F /* IDPAppDelegate.h */ = {isa = PBXFileReference; lastKnownFileType = sourcecode.c.h; path = IDPAppDelegate.h; sourceTree = "<group>"; };
		767BCFB11EEE781C0082B26F /* IDPAppDelegate.m */ = {isa = PBXFileReference; lastKnownFileType = sourcecode.c.objc; path = IDPAppDelegate.m; sourceTree = "<group>"; };
		767BCFBE1EEE781C0082B26F /* Info.plist */ = {isa = PBXFileReference; lastKnownFileType = text.plist.xml; path = Info.plist; sourceTree = "<group>"; };
		767CA9D51F0A72EE00610BC4 /* IDPImageModel.h */ = {isa = PBXFileReference; fileEncoding = 4; lastKnownFileType = sourcecode.c.h; path = IDPImageModel.h; sourceTree = "<group>"; };
		767CA9D61F0A72EE00610BC4 /* IDPImageModel.m */ = {isa = PBXFileReference; fileEncoding = 4; lastKnownFileType = sourcecode.c.objc; path = IDPImageModel.m; sourceTree = "<group>"; };
		767CA9D81F0A731800610BC4 /* IDPImageModelDispatcher.h */ = {isa = PBXFileReference; fileEncoding = 4; lastKnownFileType = sourcecode.c.h; path = IDPImageModelDispatcher.h; sourceTree = "<group>"; };
		767CA9D91F0A731800610BC4 /* IDPImageModelDispatcher.m */ = {isa = PBXFileReference; fileEncoding = 4; lastKnownFileType = sourcecode.c.objc; path = IDPImageModelDispatcher.m; sourceTree = "<group>"; };
		767CA9E01F0A84B900610BC4 /* IDPCache.h */ = {isa = PBXFileReference; fileEncoding = 4; lastKnownFileType = sourcecode.c.h; path = IDPCache.h; sourceTree = "<group>"; };
		767CA9E11F0A84B900610BC4 /* IDPCache.m */ = {isa = PBXFileReference; fileEncoding = 4; lastKnownFileType = sourcecode.c.objc; path = IDPCache.m; sourceTree = "<group>"; };
		768A80891F06382400A2ACF0 /* IDPChangeModel+UITableView.h */ = {isa = PBXFileReference; fileEncoding = 4; lastKnownFileType = sourcecode.c.h; path = "IDPChangeModel+UITableView.h"; sourceTree = "<group>"; };
		768A808A1F06382400A2ACF0 /* IDPChangeModel+UITableView.m */ = {isa = PBXFileReference; fileEncoding = 4; lastKnownFileType = sourcecode.c.objc; path = "IDPChangeModel+UITableView.m"; sourceTree = "<group>"; };
		768A808B1F06382400A2ACF0 /* NSArray+IDPExtensions.h */ = {isa = PBXFileReference; fileEncoding = 4; lastKnownFileType = sourcecode.c.h; path = "NSArray+IDPExtensions.h"; sourceTree = "<group>"; };
		768A808C1F06382400A2ACF0 /* NSArray+IDPExtensions.m */ = {isa = PBXFileReference; fileEncoding = 4; lastKnownFileType = sourcecode.c.objc; path = "NSArray+IDPExtensions.m"; sourceTree = "<group>"; };
		768A808D1F06382400A2ACF0 /* NSString+IDPCategory.h */ = {isa = PBXFileReference; fileEncoding = 4; lastKnownFileType = sourcecode.c.h; path = "NSString+IDPCategory.h"; sourceTree = "<group>"; };
		768A808E1F06382400A2ACF0 /* NSString+IDPCategory.m */ = {isa = PBXFileReference; fileEncoding = 4; lastKnownFileType = sourcecode.c.objc; path = "NSString+IDPCategory.m"; sourceTree = "<group>"; };
		768A808F1F06382400A2ACF0 /* UINib+IDPExtensions.h */ = {isa = PBXFileReference; fileEncoding = 4; lastKnownFileType = sourcecode.c.h; path = "UINib+IDPExtensions.h"; sourceTree = "<group>"; };
		768A80901F06382400A2ACF0 /* UINib+IDPExtensions.m */ = {isa = PBXFileReference; fileEncoding = 4; lastKnownFileType = sourcecode.c.objc; path = "UINib+IDPExtensions.m"; sourceTree = "<group>"; };
		768A80911F06382400A2ACF0 /* UITableView+IDPExtensions.h */ = {isa = PBXFileReference; fileEncoding = 4; lastKnownFileType = sourcecode.c.h; path = "UITableView+IDPExtensions.h"; sourceTree = "<group>"; };
		768A80921F06382400A2ACF0 /* UITableView+IDPExtensions.m */ = {isa = PBXFileReference; fileEncoding = 4; lastKnownFileType = sourcecode.c.objc; path = "UITableView+IDPExtensions.m"; sourceTree = "<group>"; };
		768A80931F06382400A2ACF0 /* UIViewController+IDPExtensions.h */ = {isa = PBXFileReference; fileEncoding = 4; lastKnownFileType = sourcecode.c.h; path = "UIViewController+IDPExtensions.h"; sourceTree = "<group>"; };
		768A80941F06382400A2ACF0 /* UIViewController+IDPExtensions.m */ = {isa = PBXFileReference; fileEncoding = 4; lastKnownFileType = sourcecode.c.objc; path = "UIViewController+IDPExtensions.m"; sourceTree = "<group>"; };
		768A80951F06382400A2ACF0 /* UIWindow+IDPExtensions.h */ = {isa = PBXFileReference; fileEncoding = 4; lastKnownFileType = sourcecode.c.h; path = "UIWindow+IDPExtensions.h"; sourceTree = "<group>"; };
		768A80961F06382400A2ACF0 /* UIWindow+IDPExtensions.m */ = {isa = PBXFileReference; fileEncoding = 4; lastKnownFileType = sourcecode.c.objc; path = "UIWindow+IDPExtensions.m"; sourceTree = "<group>"; };
		768A809E1F06787F00A2ACF0 /* NSFileManager+IDPExtensions.h */ = {isa = PBXFileReference; fileEncoding = 4; lastKnownFileType = sourcecode.c.h; path = "NSFileManager+IDPExtensions.h"; sourceTree = "<group>"; };
		768A809F1F06787F00A2ACF0 /* NSFileManager+IDPExtensions.m */ = {isa = PBXFileReference; fileEncoding = 4; lastKnownFileType = sourcecode.c.objc; path = "NSFileManager+IDPExtensions.m"; sourceTree = "<group>"; };
		768A80A11F06793E00A2ACF0 /* NSBundle+IDPExtensions.h */ = {isa = PBXFileReference; fileEncoding = 4; lastKnownFileType = sourcecode.c.h; path = "NSBundle+IDPExtensions.h"; sourceTree = "<group>"; };
		768A80A21F06793E00A2ACF0 /* NSBundle+IDPExtensions.m */ = {isa = PBXFileReference; fileEncoding = 4; lastKnownFileType = sourcecode.c.objc; path = "NSBundle+IDPExtensions.m"; sourceTree = "<group>"; };
/* End PBXFileReference section */

/* Begin PBXFrameworksBuildPhase section */
		767BCFA71EEE781C0082B26F /* Frameworks */ = {
			isa = PBXFrameworksBuildPhase;
			buildActionMask = 2147483647;
			files = (
			);
			runOnlyForDeploymentPostprocessing = 0;
		};
/* End PBXFrameworksBuildPhase section */

/* Begin PBXGroup section */
		766296D61F04D9FA00FE3150 /* IDPLoadingViewContainer */ = {
			isa = PBXGroup;
			children = (
				766296DD1F04DA2B00FE3150 /* IDPLoadingViewContainer.h */,
				766296DE1F04DA2B00FE3150 /* IDPLoadingViewContainer.m */,
				766296D71F04D9FA00FE3150 /* Private */,
			);
			path = IDPLoadingViewContainer;
			sourceTree = "<group>";
		};
		766296D71F04D9FA00FE3150 /* Private */ = {
			isa = PBXGroup;
			children = (
				766296D81F04D9FA00FE3150 /* IDPLoadingView.h */,
				766296D91F04D9FA00FE3150 /* IDPLoadingView.m */,
				766296DA1F04D9FA00FE3150 /* IDPLoadingView.xib */,
				766296E01F04DBB600FE3150 /* IDPLoading.h */,
			);
			path = Private;
			sourceTree = "<group>";
		};
		766296E11F04F8E500FE3150 /* IDPModel */ = {
			isa = PBXGroup;
			children = (
				766296E21F04FBB000FE3150 /* IDPModel.h */,
				766296E31F04FBB000FE3150 /* IDPModel.m */,
			);
			path = IDPModel;
			sourceTree = "<group>";
		};
		766547811F03ED6400CD6273 /* Resources */ = {
			isa = PBXGroup;
			children = (
				766547821F03ED6400CD6273 /* Assets.xcassets */,
				766547831F03ED6400CD6273 /* LaunchScreen.storyboard */,
				766547851F03ED6400CD6273 /* Images */,
			);
			path = Resources;
			sourceTree = "<group>";
		};
		766547851F03ED6400CD6273 /* Images */ = {
			isa = PBXGroup;
			children = (
				766547861F03ED6400CD6273 /* idapLogo.png */,
			);
			path = Images;
			sourceTree = "<group>";
		};
		7665478A1F03ED6A00CD6273 /* Source */ = {
			isa = PBXGroup;
			children = (
				7665478B1F03ED6A00CD6273 /* Library */,
				766547AF1F03ED6A00CD6273 /* Models */,
				766547CB1F03ED6A00CD6273 /* UI */,
			);
			path = Source;
			sourceTree = "<group>";
		};
		7665478B1F03ED6A00CD6273 /* Library */ = {
			isa = PBXGroup;
			children = (
				7665478C1F03ED6A00CD6273 /* Classes */,
				768A80881F06382400A2ACF0 /* Extensions */,
				766547A11F03ED6A00CD6273 /* IDPConstants */,
				766547A41F03ED6A00CD6273 /* IDPGCD */,
				766547A71F03ED6A00CD6273 /* IDPMacro */,
				766547AA1F03ED6A00CD6273 /* IDPProtocols */,
				766547AC1F03ED6A00CD6273 /* IDPRandom */,
			);
			path = Library;
			sourceTree = "<group>";
		};
		7665478C1F03ED6A00CD6273 /* Classes */ = {
			isa = PBXGroup;
			children = (
				767CA9DF1F0A84B900610BC4 /* IDPCache */,
				7665478E1F03ED6A00CD6273 /* IDPObservableObject */,
				766547911F03ED6A00CD6273 /* IDPTableViewCell */,
			);
			path = Classes;
			sourceTree = "<group>";
		};
		7665478E1F03ED6A00CD6273 /* IDPObservableObject */ = {
			isa = PBXGroup;
			children = (
				7665478F1F03ED6A00CD6273 /* IDPObservableObject.h */,
				766547901F03ED6A00CD6273 /* IDPObservableObject.m */,
			);
			path = IDPObservableObject;
			sourceTree = "<group>";
		};
		766547911F03ED6A00CD6273 /* IDPTableViewCell */ = {
			isa = PBXGroup;
			children = (
				766547921F03ED6A00CD6273 /* IDPTableViewCell.h */,
				766547931F03ED6A00CD6273 /* IDPTableViewCell.m */,
			);
			path = IDPTableViewCell;
			sourceTree = "<group>";
		};
		766547A11F03ED6A00CD6273 /* IDPConstants */ = {
			isa = PBXGroup;
			children = (
				766547A21F03ED6A00CD6273 /* IDPConstants.h */,
				766547A31F03ED6A00CD6273 /* IDPConstants.m */,
			);
			path = IDPConstants;
			sourceTree = "<group>";
		};
		766547A41F03ED6A00CD6273 /* IDPGCD */ = {
			isa = PBXGroup;
			children = (
				766547A51F03ED6A00CD6273 /* IDPGCDWrapper.h */,
				766547A61F03ED6A00CD6273 /* IDPGCDWrapper.m */,
			);
			path = IDPGCD;
			sourceTree = "<group>";
		};
		766547A71F03ED6A00CD6273 /* IDPMacro */ = {
			isa = PBXGroup;
			children = (
				766547A81F03ED6A00CD6273 /* IDPMacro.h */,
				766547A91F03ED6A00CD6273 /* IDPMacro.m */,
			);
			path = IDPMacro;
			sourceTree = "<group>";
		};
		766547AA1F03ED6A00CD6273 /* IDPProtocols */ = {
			isa = PBXGroup;
			children = (
				766547AB1F03ED6A00CD6273 /* IDPUsersModelObserver.h */,
			);
			path = IDPProtocols;
			sourceTree = "<group>";
		};
		766547AC1F03ED6A00CD6273 /* IDPRandom */ = {
			isa = PBXGroup;
			children = (
				766547AD1F03ED6A00CD6273 /* IDPRandom.h */,
				766547AE1F03ED6A00CD6273 /* IDPRandom.m */,
			);
			path = IDPRandom;
			sourceTree = "<group>";
		};
		766547AF1F03ED6A00CD6273 /* Models */ = {
			isa = PBXGroup;
			children = (
				766296E11F04F8E500FE3150 /* IDPModel */,
				766547B01F03ED6A00CD6273 /* IDPArrayModel */,
				767CA9D31F0A72B200610BC4 /* IDPImageModel */,
				766547B31F03ED6A00CD6273 /* IDPChangeModel */,
				766547C51F03ED6A00CD6273 /* IDPUser */,
				766547C81F03ED6A00CD6273 /* IDPUsersModel */,
			);
			path = Models;
			sourceTree = "<group>";
		};
		766547B01F03ED6A00CD6273 /* IDPArrayModel */ = {
			isa = PBXGroup;
			children = (
				766547B11F03ED6A00CD6273 /* IDPArrayModel.h */,
				766547B21F03ED6A00CD6273 /* IDPArrayModel.m */,
				766296E51F0504A700FE3150 /* IDPArrayModelObserver.h */,
			);
			path = IDPArrayModel;
			sourceTree = "<group>";
		};
		766547B31F03ED6A00CD6273 /* IDPChangeModel */ = {
			isa = PBXGroup;
			children = (
				766547BC1F03ED6A00CD6273 /* IDPChangeModel.h */,
				766547BD1F03ED6A00CD6273 /* IDPChangeModel.m */,
				766547BE1F03ED6A00CD6273 /* IDPChangeModelProtected.h */,
				766547B41F03ED6A00CD6273 /* IDPChangeAdd */,
				766547BF1F03ED6A00CD6273 /* IDPChangeMove */,
				766547C21F03ED6A00CD6273 /* IDPChangeRemove */,
			);
			path = IDPChangeModel;
			sourceTree = "<group>";
		};
		766547B41F03ED6A00CD6273 /* IDPChangeAdd */ = {
			isa = PBXGroup;
			children = (
				766547B51F03ED6A00CD6273 /* IDPChangeAdd.h */,
				766547B61F03ED6A00CD6273 /* IDPChangeAdd.m */,
			);
			path = IDPChangeAdd;
			sourceTree = "<group>";
		};
		766547BF1F03ED6A00CD6273 /* IDPChangeMove */ = {
			isa = PBXGroup;
			children = (
				7677B08D1F0B6F17009B7AE9 /* IDPDoubleIndexChange.h */,
				7677B08E1F0B6F17009B7AE9 /* IDPDoubleIndexChange.m */,
				766547C01F03ED6A00CD6273 /* IDPChangeMove.h */,
				766547C11F03ED6A00CD6273 /* IDPChangeMove.m */,
				7677B0901F0B6FC5009B7AE9 /* IDPDoubleIndexChangeProtected.h */,
			);
			path = IDPChangeMove;
			sourceTree = "<group>";
		};
		766547C21F03ED6A00CD6273 /* IDPChangeRemove */ = {
			isa = PBXGroup;
			children = (
				766547C31F03ED6A00CD6273 /* IDPChangeRemove.h */,
				766547C41F03ED6A00CD6273 /* IDPChangeRemove.m */,
			);
			path = IDPChangeRemove;
			sourceTree = "<group>";
		};
		766547C51F03ED6A00CD6273 /* IDPUser */ = {
			isa = PBXGroup;
			children = (
				766547C61F03ED6A00CD6273 /* IDPUser.h */,
				766547C71F03ED6A00CD6273 /* IDPUser.m */,
			);
			path = IDPUser;
			sourceTree = "<group>";
		};
		766547C81F03ED6A00CD6273 /* IDPUsersModel */ = {
			isa = PBXGroup;
			children = (
				766547C91F03ED6A00CD6273 /* IDPUsersModel.h */,
				766547CA1F03ED6A00CD6273 /* IDPUsersModel.m */,
			);
			path = IDPUsersModel;
			sourceTree = "<group>";
		};
		766547CB1F03ED6A00CD6273 /* UI */ = {
			isa = PBXGroup;
			children = (
				766547CC1F03ED6A00CD6273 /* Controllers */,
				766547D51F03ED6A00CD6273 /* Views */,
			);
			path = UI;
			sourceTree = "<group>";
		};
		766547CC1F03ED6A00CD6273 /* Controllers */ = {
			isa = PBXGroup;
			children = (
				766547CD1F03ED6A00CD6273 /* IDPSceneViewController */,
				766547D11F03ED6A00CD6273 /* IDPUsersViewController */,
			);
			path = Controllers;
			sourceTree = "<group>";
		};
		766547CD1F03ED6A00CD6273 /* IDPSceneViewController */ = {
			isa = PBXGroup;
			children = (
				766547CE1F03ED6A00CD6273 /* IDPSceneViewController.h */,
				766547CF1F03ED6A00CD6273 /* IDPSceneViewController.m */,
				766547D01F03ED6A00CD6273 /* IDPSceneViewController.xib */,
			);
			path = IDPSceneViewController;
			sourceTree = "<group>";
		};
		766547D11F03ED6A00CD6273 /* IDPUsersViewController */ = {
			isa = PBXGroup;
			children = (
				766547D21F03ED6A00CD6273 /* IDPUsersViewController.h */,
				766547D31F03ED6A00CD6273 /* IDPUsersViewController.m */,
				766547D41F03ED6A00CD6273 /* IDPUsersViewController.xib */,
			);
			path = IDPUsersViewController;
			sourceTree = "<group>";
		};
		766547D51F03ED6A00CD6273 /* Views */ = {
			isa = PBXGroup;
			children = (
				766296D61F04D9FA00FE3150 /* IDPLoadingViewContainer */,
				766547DA1F03ED6A00CD6273 /* IDPSceneView */,
				766547DD1F03ED6A00CD6273 /* IDPSquareView */,
				766547E01F03ED6A00CD6273 /* IDPUserCell */,
				766547E41F03ED6A00CD6273 /* IDPUsersView */,
			);
			path = Views;
			sourceTree = "<group>";
		};
		766547DA1F03ED6A00CD6273 /* IDPSceneView */ = {
			isa = PBXGroup;
			children = (
				766547DB1F03ED6A00CD6273 /* IDPSceneView.h */,
				766547DC1F03ED6A00CD6273 /* IDPSceneView.m */,
			);
			path = IDPSceneView;
			sourceTree = "<group>";
		};
		766547DD1F03ED6A00CD6273 /* IDPSquareView */ = {
			isa = PBXGroup;
			children = (
				766547DE1F03ED6A00CD6273 /* IDPSquareView.h */,
				766547DF1F03ED6A00CD6273 /* IDPSquareView.m */,
			);
			path = IDPSquareView;
			sourceTree = "<group>";
		};
		766547E01F03ED6A00CD6273 /* IDPUserCell */ = {
			isa = PBXGroup;
			children = (
				766547E11F03ED6A00CD6273 /* IDPUserCell.h */,
				766547E21F03ED6A00CD6273 /* IDPUserCell.m */,
				766547E31F03ED6A00CD6273 /* IDPUserCell.xib */,
			);
			path = IDPUserCell;
			sourceTree = "<group>";
		};
		766547E41F03ED6A00CD6273 /* IDPUsersView */ = {
			isa = PBXGroup;
			children = (
				766547E51F03ED6A00CD6273 /* IDPUsersView.h */,
				766547E61F03ED6A00CD6273 /* IDPUsersView.m */,
			);
			path = IDPUsersView;
			sourceTree = "<group>";
		};
		767BCFA11EEE781C0082B26F = {
			isa = PBXGroup;
			children = (
				767BCFAC1EEE781C0082B26F /* UITask1 */,
				7665478A1F03ED6A00CD6273 /* Source */,
				766547811F03ED6400CD6273 /* Resources */,
				767BCFAB1EEE781C0082B26F /* Products */,
			);
			sourceTree = "<group>";
		};
		767BCFAB1EEE781C0082B26F /* Products */ = {
			isa = PBXGroup;
			children = (
				767BCFAA1EEE781C0082B26F /* UITask1.app */,
			);
			name = Products;
			sourceTree = "<group>";
		};
		767BCFAC1EEE781C0082B26F /* UITask1 */ = {
			isa = PBXGroup;
			children = (
				767BCFB01EEE781C0082B26F /* IDPAppDelegate.h */,
				767BCFB11EEE781C0082B26F /* IDPAppDelegate.m */,
				767BCFBE1EEE781C0082B26F /* Info.plist */,
				767BCFAD1EEE781C0082B26F /* Supporting Files */,
			);
			path = UITask1;
			sourceTree = "<group>";
		};
		767BCFAD1EEE781C0082B26F /* Supporting Files */ = {
			isa = PBXGroup;
			children = (
				767BCFAE1EEE781C0082B26F /* main.m */,
			);
			name = "Supporting Files";
			sourceTree = "<group>";
		};
		767CA9D31F0A72B200610BC4 /* IDPImageModel */ = {
			isa = PBXGroup;
			children = (
				767CA9D51F0A72EE00610BC4 /* IDPImageModel.h */,
				767CA9D61F0A72EE00610BC4 /* IDPImageModel.m */,
				767CA9D41F0A72B200610BC4 /* Private */,
			);
			path = IDPImageModel;
			sourceTree = "<group>";
		};
		767CA9D41F0A72B200610BC4 /* Private */ = {
			isa = PBXGroup;
			children = (
				767CA9D81F0A731800610BC4 /* IDPImageModelDispatcher.h */,
				767CA9D91F0A731800610BC4 /* IDPImageModelDispatcher.m */,
			);
			path = Private;
			sourceTree = "<group>";
		};
		767CA9DF1F0A84B900610BC4 /* IDPCache */ = {
			isa = PBXGroup;
			children = (
				767CA9E01F0A84B900610BC4 /* IDPCache.h */,
				767CA9E11F0A84B900610BC4 /* IDPCache.m */,
			);
			path = IDPCache;
			sourceTree = "<group>";
		};
		768A80881F06382400A2ACF0 /* Extensions */ = {
			isa = PBXGroup;
			children = (
				768A80891F06382400A2ACF0 /* IDPChangeModel+UITableView.h */,
				768A808A1F06382400A2ACF0 /* IDPChangeModel+UITableView.m */,
				768A808B1F06382400A2ACF0 /* NSArray+IDPExtensions.h */,
				768A808C1F06382400A2ACF0 /* NSArray+IDPExtensions.m */,
				768A808D1F06382400A2ACF0 /* NSString+IDPCategory.h */,
				768A808E1F06382400A2ACF0 /* NSString+IDPCategory.m */,
				768A808F1F06382400A2ACF0 /* UINib+IDPExtensions.h */,
				768A80901F06382400A2ACF0 /* UINib+IDPExtensions.m */,
				768A80911F06382400A2ACF0 /* UITableView+IDPExtensions.h */,
				768A80921F06382400A2ACF0 /* UITableView+IDPExtensions.m */,
				768A80931F06382400A2ACF0 /* UIViewController+IDPExtensions.h */,
				768A80941F06382400A2ACF0 /* UIViewController+IDPExtensions.m */,
				768A80951F06382400A2ACF0 /* UIWindow+IDPExtensions.h */,
				768A80961F06382400A2ACF0 /* UIWindow+IDPExtensions.m */,
				768A809E1F06787F00A2ACF0 /* NSFileManager+IDPExtensions.h */,
				768A809F1F06787F00A2ACF0 /* NSFileManager+IDPExtensions.m */,
				768A80A11F06793E00A2ACF0 /* NSBundle+IDPExtensions.h */,
				768A80A21F06793E00A2ACF0 /* NSBundle+IDPExtensions.m */,
			);
			path = Extensions;
			sourceTree = "<group>";
		};
/* End PBXGroup section */

/* Begin PBXNativeTarget section */
		767BCFA91EEE781C0082B26F /* UITask1 */ = {
			isa = PBXNativeTarget;
			buildConfigurationList = 767BCFC11EEE781C0082B26F /* Build configuration list for PBXNativeTarget "UITask1" */;
			buildPhases = (
				767BCFA61EEE781C0082B26F /* Sources */,
				767BCFA71EEE781C0082B26F /* Frameworks */,
				767BCFA81EEE781C0082B26F /* Resources */,
			);
			buildRules = (
			);
			dependencies = (
			);
			name = UITask1;
			productName = UITask1;
			productReference = 767BCFAA1EEE781C0082B26F /* UITask1.app */;
			productType = "com.apple.product-type.application";
		};
/* End PBXNativeTarget section */

/* Begin PBXProject section */
		767BCFA21EEE781C0082B26F /* Project object */ = {
			isa = PBXProject;
			attributes = {
				LastUpgradeCheck = 0820;
				ORGANIZATIONNAME = Student002;
				TargetAttributes = {
					767BCFA91EEE781C0082B26F = {
						CreatedOnToolsVersion = 8.2.1;
						ProvisioningStyle = Automatic;
					};
				};
			};
			buildConfigurationList = 767BCFA51EEE781C0082B26F /* Build configuration list for PBXProject "UITask1" */;
			compatibilityVersion = "Xcode 3.2";
			developmentRegion = English;
			hasScannedForEncodings = 0;
			knownRegions = (
				en,
				Base,
			);
			mainGroup = 767BCFA11EEE781C0082B26F;
			productRefGroup = 767BCFAB1EEE781C0082B26F /* Products */;
			projectDirPath = "";
			projectRoot = "";
			targets = (
				767BCFA91EEE781C0082B26F /* UITask1 */,
			);
		};
/* End PBXProject section */

/* Begin PBXResourcesBuildPhase section */
		767BCFA81EEE781C0082B26F /* Resources */ = {
			isa = PBXResourcesBuildPhase;
			buildActionMask = 2147483647;
			files = (
				766547891F03ED6400CD6273 /* idapLogo.png in Resources */,
				766547FD1F03ED6A00CD6273 /* IDPSceneViewController.xib in Resources */,
				766547871F03ED6400CD6273 /* Assets.xcassets in Resources */,
				766547881F03ED6400CD6273 /* LaunchScreen.storyboard in Resources */,
				766547FF1F03ED6A00CD6273 /* IDPUsersViewController.xib in Resources */,
				766296DC1F04D9FA00FE3150 /* IDPLoadingView.xib in Resources */,
				766548051F03ED6A00CD6273 /* IDPUserCell.xib in Resources */,
			);
			runOnlyForDeploymentPostprocessing = 0;
		};
/* End PBXResourcesBuildPhase section */

/* Begin PBXSourcesBuildPhase section */
		767BCFA61EEE781C0082B26F /* Sources */ = {
			isa = PBXSourcesBuildPhase;
			buildActionMask = 2147483647;
			files = (
				766547F81F03ED6A00CD6273 /* IDPChangeMove.m in Sources */,
				766547F71F03ED6A00CD6273 /* IDPChangeModel.m in Sources */,
				767BCFB21EEE781C0082B26F /* IDPAppDelegate.m in Sources */,
				768A80971F06382400A2ACF0 /* IDPChangeModel+UITableView.m in Sources */,
				766547FC1F03ED6A00CD6273 /* IDPSceneViewController.m in Sources */,
				766547E81F03ED6A00CD6273 /* IDPTableViewCell.m in Sources */,
				768A809C1F06382400A2ACF0 /* UIViewController+IDPExtensions.m in Sources */,
				768A80A31F06793E00A2ACF0 /* NSBundle+IDPExtensions.m in Sources */,
				768A80991F06382400A2ACF0 /* NSString+IDPCategory.m in Sources */,
				766547F91F03ED6A00CD6273 /* IDPChangeRemove.m in Sources */,
				766547F41F03ED6A00CD6273 /* IDPChangeAdd.m in Sources */,
				766547F01F03ED6A00CD6273 /* IDPGCDWrapper.m in Sources */,
				768A809B1F06382400A2ACF0 /* UITableView+IDPExtensions.m in Sources */,
				768A80A01F06787F00A2ACF0 /* NSFileManager+IDPExtensions.m in Sources */,
				768A809D1F06382400A2ACF0 /* UIWindow+IDPExtensions.m in Sources */,
				766547F31F03ED6A00CD6273 /* IDPArrayModel.m in Sources */,
				767BCFAF1EEE781C0082B26F /* main.m in Sources */,
				766547FA1F03ED6A00CD6273 /* IDPUser.m in Sources */,
				766547EF1F03ED6A00CD6273 /* IDPConstants.m in Sources */,
				766296E41F04FBB000FE3150 /* IDPModel.m in Sources */,
				766296DF1F04DA2B00FE3150 /* IDPLoadingViewContainer.m in Sources */,
				766548021F03ED6A00CD6273 /* IDPSceneView.m in Sources */,
				766548061F03ED6A00CD6273 /* IDPUsersView.m in Sources */,
				767CA9D71F0A72EE00610BC4 /* IDPImageModel.m in Sources */,
				766547F21F03ED6A00CD6273 /* IDPRandom.m in Sources */,
				768A809A1F06382400A2ACF0 /* UINib+IDPExtensions.m in Sources */,
				766548041F03ED6A00CD6273 /* IDPUserCell.m in Sources */,
				766547E71F03ED6A00CD6273 /* IDPObservableObject.m in Sources */,
				766548031F03ED6A00CD6273 /* IDPSquareView.m in Sources */,
				766547FB1F03ED6A00CD6273 /* IDPUsersModel.m in Sources */,
				767CA9E21F0A84B900610BC4 /* IDPCache.m in Sources */,
				767CA9DA1F0A731800610BC4 /* IDPImageModelDispatcher.m in Sources */,
				768A80981F06382400A2ACF0 /* NSArray+IDPExtensions.m in Sources */,
				766547FE1F03ED6A00CD6273 /* IDPUsersViewController.m in Sources */,
				766547F11F03ED6A00CD6273 /* IDPMacro.m in Sources */,
				7677B08F1F0B6F17009B7AE9 /* IDPDoubleIndexChange.m in Sources */,
				766296DB1F04D9FA00FE3150 /* IDPLoadingView.m in Sources */,
			);
			runOnlyForDeploymentPostprocessing = 0;
		};
/* End PBXSourcesBuildPhase section */

/* Begin PBXVariantGroup section */
		766547831F03ED6400CD6273 /* LaunchScreen.storyboard */ = {
			isa = PBXVariantGroup;
			children = (
				766547841F03ED6400CD6273 /* Base */,
			);
			name = LaunchScreen.storyboard;
			sourceTree = "<group>";
		};
/* End PBXVariantGroup section */

/* Begin XCBuildConfiguration section */
		767BCFBF1EEE781C0082B26F /* Debug */ = {
			isa = XCBuildConfiguration;
			buildSettings = {
				ALWAYS_SEARCH_USER_PATHS = NO;
				CLANG_ANALYZER_NONNULL = YES;
				CLANG_CXX_LANGUAGE_STANDARD = "gnu++0x";
				CLANG_CXX_LIBRARY = "libc++";
				CLANG_ENABLE_MODULES = YES;
				CLANG_ENABLE_OBJC_ARC = YES;
				CLANG_WARN_BOOL_CONVERSION = YES;
				CLANG_WARN_CONSTANT_CONVERSION = YES;
				CLANG_WARN_DIRECT_OBJC_ISA_USAGE = YES_ERROR;
				CLANG_WARN_DOCUMENTATION_COMMENTS = YES;
				CLANG_WARN_EMPTY_BODY = YES;
				CLANG_WARN_ENUM_CONVERSION = YES;
				CLANG_WARN_INFINITE_RECURSION = YES;
				CLANG_WARN_INT_CONVERSION = YES;
				CLANG_WARN_OBJC_ROOT_CLASS = YES_ERROR;
				CLANG_WARN_SUSPICIOUS_MOVE = YES;
				CLANG_WARN_UNREACHABLE_CODE = YES;
				CLANG_WARN__DUPLICATE_METHOD_MATCH = YES;
				"CODE_SIGN_IDENTITY[sdk=iphoneos*]" = "iPhone Developer";
				COPY_PHASE_STRIP = NO;
				DEBUG_INFORMATION_FORMAT = dwarf;
				ENABLE_STRICT_OBJC_MSGSEND = YES;
				ENABLE_TESTABILITY = YES;
				GCC_C_LANGUAGE_STANDARD = gnu99;
				GCC_DYNAMIC_NO_PIC = NO;
				GCC_NO_COMMON_BLOCKS = YES;
				GCC_OPTIMIZATION_LEVEL = 0;
				GCC_PREPROCESSOR_DEFINITIONS = (
					"DEBUG=1",
					"$(inherited)",
				);
				GCC_WARN_64_TO_32_BIT_CONVERSION = YES;
				GCC_WARN_ABOUT_RETURN_TYPE = YES_ERROR;
				GCC_WARN_UNDECLARED_SELECTOR = YES;
				GCC_WARN_UNINITIALIZED_AUTOS = YES_AGGRESSIVE;
				GCC_WARN_UNUSED_FUNCTION = YES;
				GCC_WARN_UNUSED_VARIABLE = YES;
				IPHONEOS_DEPLOYMENT_TARGET = 10.2;
				MTL_ENABLE_DEBUG_INFO = YES;
				ONLY_ACTIVE_ARCH = YES;
				SDKROOT = iphoneos;
				TARGETED_DEVICE_FAMILY = "1,2";
			};
			name = Debug;
		};
		767BCFC01EEE781C0082B26F /* Release */ = {
			isa = XCBuildConfiguration;
			buildSettings = {
				ALWAYS_SEARCH_USER_PATHS = NO;
				CLANG_ANALYZER_NONNULL = YES;
				CLANG_CXX_LANGUAGE_STANDARD = "gnu++0x";
				CLANG_CXX_LIBRARY = "libc++";
				CLANG_ENABLE_MODULES = YES;
				CLANG_ENABLE_OBJC_ARC = YES;
				CLANG_WARN_BOOL_CONVERSION = YES;
				CLANG_WARN_CONSTANT_CONVERSION = YES;
				CLANG_WARN_DIRECT_OBJC_ISA_USAGE = YES_ERROR;
				CLANG_WARN_DOCUMENTATION_COMMENTS = YES;
				CLANG_WARN_EMPTY_BODY = YES;
				CLANG_WARN_ENUM_CONVERSION = YES;
				CLANG_WARN_INFINITE_RECURSION = YES;
				CLANG_WARN_INT_CONVERSION = YES;
				CLANG_WARN_OBJC_ROOT_CLASS = YES_ERROR;
				CLANG_WARN_SUSPICIOUS_MOVE = YES;
				CLANG_WARN_UNREACHABLE_CODE = YES;
				CLANG_WARN__DUPLICATE_METHOD_MATCH = YES;
				"CODE_SIGN_IDENTITY[sdk=iphoneos*]" = "iPhone Developer";
				COPY_PHASE_STRIP = NO;
				DEBUG_INFORMATION_FORMAT = "dwarf-with-dsym";
				ENABLE_NS_ASSERTIONS = NO;
				ENABLE_STRICT_OBJC_MSGSEND = YES;
				GCC_C_LANGUAGE_STANDARD = gnu99;
				GCC_NO_COMMON_BLOCKS = YES;
				GCC_WARN_64_TO_32_BIT_CONVERSION = YES;
				GCC_WARN_ABOUT_RETURN_TYPE = YES_ERROR;
				GCC_WARN_UNDECLARED_SELECTOR = YES;
				GCC_WARN_UNINITIALIZED_AUTOS = YES_AGGRESSIVE;
				GCC_WARN_UNUSED_FUNCTION = YES;
				GCC_WARN_UNUSED_VARIABLE = YES;
				IPHONEOS_DEPLOYMENT_TARGET = 10.2;
				MTL_ENABLE_DEBUG_INFO = NO;
				SDKROOT = iphoneos;
				TARGETED_DEVICE_FAMILY = "1,2";
				VALIDATE_PRODUCT = YES;
			};
			name = Release;
		};
		767BCFC21EEE781C0082B26F /* Debug */ = {
			isa = XCBuildConfiguration;
			buildSettings = {
				ASSETCATALOG_COMPILER_APPICON_NAME = AppIcon;
				INFOPLIST_FILE = UITask1/Info.plist;
				LD_RUNPATH_SEARCH_PATHS = "$(inherited) @executable_path/Frameworks";
				PRODUCT_BUNDLE_IDENTIFIER = Student002.UITask1;
				PRODUCT_NAME = "$(TARGET_NAME)";
			};
			name = Debug;
		};
		767BCFC31EEE781C0082B26F /* Release */ = {
			isa = XCBuildConfiguration;
			buildSettings = {
				ASSETCATALOG_COMPILER_APPICON_NAME = AppIcon;
				INFOPLIST_FILE = UITask1/Info.plist;
				LD_RUNPATH_SEARCH_PATHS = "$(inherited) @executable_path/Frameworks";
				PRODUCT_BUNDLE_IDENTIFIER = Student002.UITask1;
				PRODUCT_NAME = "$(TARGET_NAME)";
			};
			name = Release;
		};
/* End XCBuildConfiguration section */

/* Begin XCConfigurationList section */
		767BCFA51EEE781C0082B26F /* Build configuration list for PBXProject "UITask1" */ = {
			isa = XCConfigurationList;
			buildConfigurations = (
				767BCFBF1EEE781C0082B26F /* Debug */,
				767BCFC01EEE781C0082B26F /* Release */,
			);
			defaultConfigurationIsVisible = 0;
			defaultConfigurationName = Release;
		};
		767BCFC11EEE781C0082B26F /* Build configuration list for PBXNativeTarget "UITask1" */ = {
			isa = XCConfigurationList;
			buildConfigurations = (
				767BCFC21EEE781C0082B26F /* Debug */,
				767BCFC31EEE781C0082B26F /* Release */,
			);
			defaultConfigurationIsVisible = 0;
			defaultConfigurationName = Release;
		};
/* End XCConfigurationList section */
	};
	rootObject = 767BCFA21EEE781C0082B26F /* Project object */;
}
